# This file is automatically @generated by Cargo.
# It is not intended for manual editing.
version = 3

[[package]]
name = "esp-flashloader"
version = "0.1.0"
dependencies = [
 "panic-never",
]

[[package]]
name = "panic-never"
version = "0.1.0"
source = "registry+https://github.com/rust-lang/crates.io-index"
checksum = "b0dc75d1f6543e7468fe83fe67257da512d7f1d2d5b66adfbbcf86b22df8d370"
